
Microsoft Visual Studio Solution File, Format Version 12.00
# Visual Studio Version 16
VisualStudioVersion = 16.0.30621.155
MinimumVisualStudioVersion = 10.0.40219.1
Project("{FAE04EC0-301F-11D3-BF4B-00C04F79EFBC}") = "Proje1OkulKayit", "Proje1OkulKayit\Proje1OkulKayit.csproj", "{D336FC2E-0856-46CE-B938-018CE9BBB9C5}"
EndProject
Global
	GlobalSection(SolutionConfigurationPlatforms) = preSolution
		Debug|Any CPU = Debug|Any CPU
		Release|Any CPU = Release|Any CPU
	EndGlobalSection
	GlobalSection(ProjectConfigurationPlatforms) = postSolution
		{D336FC2E-0856-46CE-B938-018CE9BBB9C5}.Debug|Any CPU.ActiveCfg = Debug|Any CPU
		{D336FC2E-0856-46CE-B938-018CE9BBB9C5}.Debug|Any CPU.Build.0 = Debug|Any CPU
		{D336FC2E-0856-46CE-B938-018CE9BBB9C5}.Release|Any CPU.ActiveCfg = Release|Any CPU
		{D336FC2E-0856-46CE-B938-018CE9BBB9C5}.Release|Any CPU.Build.0 = Release|Any CPU
	EndGlobalSection
	GlobalSection(SolutionProperties) = preSolution
		HideSolutionNode = FALSE
	EndGlobalSection
	GlobalSection(ExtensibilityGlobals) = postSolution
		SolutionGuid = {1B13962E-5A49-421C-B6F0-8683C1151465}
	EndGlobalSection
EndGlobal
